// !$*UTF8*$!
{
	archiveVersion = 1;
	classes = {
	};
	objectVersion = 46;
	objects = {

/* Begin PBXBuildFile section */
		701C3D19181EBCBA007FFDF1 /* Foundation.framework in Frameworks */ = {isa = PBXBuildFile; fileRef = 701C3D18181EBCBA007FFDF1 /* Foundation.framework */; };
		701C3D1B181EBCBA007FFDF1 /* CoreGraphics.framework in Frameworks */ = {isa = PBXBuildFile; fileRef = 701C3D1A181EBCBA007FFDF1 /* CoreGraphics.framework */; };
		701C3D1D181EBCBA007FFDF1 /* UIKit.framework in Frameworks */ = {isa = PBXBuildFile; fileRef = 701C3D1C181EBCBA007FFDF1 /* UIKit.framework */; };
		701C3D1F181EBCBA007FFDF1 /* CoreData.framework in Frameworks */ = {isa = PBXBuildFile; fileRef = 701C3D1E181EBCBA007FFDF1 /* CoreData.framework */; };
		701C3D25181EBCBA007FFDF1 /* InfoPlist.strings in Resources */ = {isa = PBXBuildFile; fileRef = 701C3D23181EBCBA007FFDF1 /* InfoPlist.strings */; };
		701C3D27181EBCBA007FFDF1 /* main.m in Sources */ = {isa = PBXBuildFile; fileRef = 701C3D26181EBCBA007FFDF1 /* main.m */; };
		701C3D2B181EBCBA007FFDF1 /* AppDelegate.m in Sources */ = {isa = PBXBuildFile; fileRef = 701C3D2A181EBCBA007FFDF1 /* AppDelegate.m */; };
		701C3D2E181EBCBA007FFDF1 /* Main_iPhone.storyboard in Resources */ = {isa = PBXBuildFile; fileRef = 701C3D2C181EBCBA007FFDF1 /* Main_iPhone.storyboard */; };
		701C3D31181EBCBA007FFDF1 /* Main_iPad.storyboard in Resources */ = {isa = PBXBuildFile; fileRef = 701C3D2F181EBCBA007FFDF1 /* Main_iPad.storyboard */; };
		701C3D34181EBCBA007FFDF1 /* CroatianEventCalendar.xcdatamodeld in Sources */ = {isa = PBXBuildFile; fileRef = 701C3D32181EBCBA007FFDF1 /* CroatianEventCalendar.xcdatamodeld */; };
		701C3D37181EBCBA007FFDF1 /* MasterViewController.m in Sources */ = {isa = PBXBuildFile; fileRef = 701C3D36181EBCBA007FFDF1 /* MasterViewController.m */; };
		701C3D3A181EBCBA007FFDF1 /* DetailViewController.m in Sources */ = {isa = PBXBuildFile; fileRef = 701C3D39181EBCBA007FFDF1 /* DetailViewController.m */; };
		701C3D3C181EBCBA007FFDF1 /* Images.xcassets in Resources */ = {isa = PBXBuildFile; fileRef = 701C3D3B181EBCBA007FFDF1 /* Images.xcassets */; };
		701C3D43181EBCBA007FFDF1 /* XCTest.framework in Frameworks */ = {isa = PBXBuildFile; fileRef = 701C3D42181EBCBA007FFDF1 /* XCTest.framework */; };
		701C3D44181EBCBA007FFDF1 /* Foundation.framework in Frameworks */ = {isa = PBXBuildFile; fileRef = 701C3D18181EBCBA007FFDF1 /* Foundation.framework */; };
		701C3D45181EBCBA007FFDF1 /* UIKit.framework in Frameworks */ = {isa = PBXBuildFile; fileRef = 701C3D1C181EBCBA007FFDF1 /* UIKit.framework */; };
		701C3D46181EBCBA007FFDF1 /* CoreData.framework in Frameworks */ = {isa = PBXBuildFile; fileRef = 701C3D1E181EBCBA007FFDF1 /* CoreData.framework */; };
		701C3D4E181EBCBB007FFDF1 /* InfoPlist.strings in Resources */ = {isa = PBXBuildFile; fileRef = 701C3D4C181EBCBB007FFDF1 /* InfoPlist.strings */; };
		701C3D50181EBCBB007FFDF1 /* CroatianEventCalendarTests.m in Sources */ = {isa = PBXBuildFile; fileRef = 701C3D4F181EBCBB007FFDF1 /* CroatianEventCalendarTests.m */; };
		701C3D64181EBD3E007FFDF1 /* AppIcon29x29.png in Resources */ = {isa = PBXBuildFile; fileRef = 701C3D5A181EBD3E007FFDF1 /* AppIcon29x29.png */; };
		701C3D65181EBD3E007FFDF1 /* AppIcon29x29@2x.png in Resources */ = {isa = PBXBuildFile; fileRef = 701C3D5B181EBD3E007FFDF1 /* AppIcon29x29@2x.png */; };
		701C3D66181EBD3E007FFDF1 /* AppIcon40x40.png in Resources */ = {isa = PBXBuildFile; fileRef = 701C3D5C181EBD3E007FFDF1 /* AppIcon40x40.png */; };
		701C3D67181EBD3E007FFDF1 /* AppIcon40x40@2x.png in Resources */ = {isa = PBXBuildFile; fileRef = 701C3D5D181EBD3E007FFDF1 /* AppIcon40x40@2x.png */; };
		701C3D68181EBD3E007FFDF1 /* AppIcon60x60.png in Resources */ = {isa = PBXBuildFile; fileRef = 701C3D5E181EBD3E007FFDF1 /* AppIcon60x60.png */; };
		701C3D69181EBD3E007FFDF1 /* AppIcon60x60@2x.png in Resources */ = {isa = PBXBuildFile; fileRef = 701C3D5F181EBD3E007FFDF1 /* AppIcon60x60@2x.png */; };
		701C3D6A181EBD3E007FFDF1 /* AppIcon76x76.png in Resources */ = {isa = PBXBuildFile; fileRef = 701C3D60181EBD3E007FFDF1 /* AppIcon76x76.png */; };
		701C3D6B181EBD3E007FFDF1 /* AppIcon76x76@2x.png in Resources */ = {isa = PBXBuildFile; fileRef = 701C3D61181EBD3E007FFDF1 /* AppIcon76x76@2x.png */; };
		701C3D6C181EBD3E007FFDF1 /* iTunesArtwork.png in Resources */ = {isa = PBXBuildFile; fileRef = 701C3D62181EBD3E007FFDF1 /* iTunesArtwork.png */; };
		701C3D6D181EBD3E007FFDF1 /* iTunesArtwork@2x.png in Resources */ = {isa = PBXBuildFile; fileRef = 701C3D63181EBD3E007FFDF1 /* iTunesArtwork@2x.png */; };
		701C3D74181EBF21007FFDF1 /* ParseOperation.m in Sources */ = {isa = PBXBuildFile; fileRef = 701C3D73181EBF21007FFDF1 /* ParseOperation.m */; };
		701C3D77181EC513007FFDF1 /* InsertEvents.m in Sources */ = {isa = PBXBuildFile; fileRef = 701C3D76181EC513007FFDF1 /* InsertEvents.m */; };
		701C3D7A181EE0A4007FFDF1 /* Event.m in Sources */ = {isa = PBXBuildFile; fileRef = 701C3D79181EE0A4007FFDF1 /* Event.m */; };
		708BDB6218E9E63600077A0A /* UIAlertView+Commodity.m in Sources */ = {isa = PBXBuildFile; fileRef = 708BDB6118E9E63600077A0A /* UIAlertView+Commodity.m */; };
		70DE19DF18E7833100885F07 /* WebViewController.m in Sources */ = {isa = PBXBuildFile; fileRef = 70DE19DE18E7833000885F07 /* WebViewController.m */; };
		AEDD208D83094A298D8F796F /* libPods.a in Frameworks */ = {isa = PBXBuildFile; fileRef = E2DD2203D60C4AD9891F1A2E /* libPods.a */; };
/* End PBXBuildFile section */

/* Begin PBXContainerItemProxy section */
		701C3D47181EBCBA007FFDF1 /* PBXContainerItemProxy */ = {
			isa = PBXContainerItemProxy;
			containerPortal = 701C3D0D181EBCBA007FFDF1 /* Project object */;
			proxyType = 1;
			remoteGlobalIDString = 701C3D14181EBCBA007FFDF1;
			remoteInfo = CroatianEventCalendar;
		};
/* End PBXContainerItemProxy section */

/* Begin PBXFileReference section */
		701C3D15181EBCBA007FFDF1 /* CroatianEventCalendar.app */ = {isa = PBXFileReference; explicitFileType = wrapper.application; includeInIndex = 0; path = CroatianEventCalendar.app; sourceTree = BUILT_PRODUCTS_DIR; };
		701C3D18181EBCBA007FFDF1 /* Foundation.framework */ = {isa = PBXFileReference; lastKnownFileType = wrapper.framework; name = Foundation.framework; path = System/Library/Frameworks/Foundation.framework; sourceTree = SDKROOT; };
		701C3D1A181EBCBA007FFDF1 /* CoreGraphics.framework */ = {isa = PBXFileReference; lastKnownFileType = wrapper.framework; name = CoreGraphics.framework; path = System/Library/Frameworks/CoreGraphics.framework; sourceTree = SDKROOT; };
		701C3D1C181EBCBA007FFDF1 /* UIKit.framework */ = {isa = PBXFileReference; lastKnownFileType = wrapper.framework; name = UIKit.framework; path = System/Library/Frameworks/UIKit.framework; sourceTree = SDKROOT; };
		701C3D1E181EBCBA007FFDF1 /* CoreData.framework */ = {isa = PBXFileReference; lastKnownFileType = wrapper.framework; name = CoreData.framework; path = System/Library/Frameworks/CoreData.framework; sourceTree = SDKROOT; };
		701C3D22181EBCBA007FFDF1 /* CroatianEventCalendar-Info.plist */ = {isa = PBXFileReference; lastKnownFileType = text.plist.xml; path = "CroatianEventCalendar-Info.plist"; sourceTree = "<group>"; };
		701C3D24181EBCBA007FFDF1 /* en */ = {isa = PBXFileReference; lastKnownFileType = text.plist.strings; name = en; path = en.lproj/InfoPlist.strings; sourceTree = "<group>"; };
		701C3D26181EBCBA007FFDF1 /* main.m */ = {isa = PBXFileReference; lastKnownFileType = sourcecode.c.objc; path = main.m; sourceTree = "<group>"; };
		701C3D28181EBCBA007FFDF1 /* CroatianEventCalendar-Prefix.pch */ = {isa = PBXFileReference; lastKnownFileType = sourcecode.c.h; path = "CroatianEventCalendar-Prefix.pch"; sourceTree = "<group>"; };
		701C3D29181EBCBA007FFDF1 /* AppDelegate.h */ = {isa = PBXFileReference; lastKnownFileType = sourcecode.c.h; path = AppDelegate.h; sourceTree = "<group>"; };
		701C3D2A181EBCBA007FFDF1 /* AppDelegate.m */ = {isa = PBXFileReference; lastKnownFileType = sourcecode.c.objc; path = AppDelegate.m; sourceTree = "<group>"; };
		701C3D2D181EBCBA007FFDF1 /* Base */ = {isa = PBXFileReference; lastKnownFileType = file.storyboard; name = Base; path = Base.lproj/Main_iPhone.storyboard; sourceTree = "<group>"; };
		701C3D30181EBCBA007FFDF1 /* Base */ = {isa = PBXFileReference; lastKnownFileType = file.storyboard; name = Base; path = Base.lproj/Main_iPad.storyboard; sourceTree = "<group>"; };
		701C3D33181EBCBA007FFDF1 /* CroatianEventCalendar.xcdatamodel */ = {isa = PBXFileReference; lastKnownFileType = wrapper.xcdatamodel; path = CroatianEventCalendar.xcdatamodel; sourceTree = "<group>"; };
		701C3D35181EBCBA007FFDF1 /* MasterViewController.h */ = {isa = PBXFileReference; lastKnownFileType = sourcecode.c.h; path = MasterViewController.h; sourceTree = "<group>"; };
		701C3D36181EBCBA007FFDF1 /* MasterViewController.m */ = {isa = PBXFileReference; lastKnownFileType = sourcecode.c.objc; path = MasterViewController.m; sourceTree = "<group>"; };
		701C3D38181EBCBA007FFDF1 /* DetailViewController.h */ = {isa = PBXFileReference; lastKnownFileType = sourcecode.c.h; path = DetailViewController.h; sourceTree = "<group>"; };
		701C3D39181EBCBA007FFDF1 /* DetailViewController.m */ = {isa = PBXFileReference; lastKnownFileType = sourcecode.c.objc; path = DetailViewController.m; sourceTree = "<group>"; };
		701C3D3B181EBCBA007FFDF1 /* Images.xcassets */ = {isa = PBXFileReference; lastKnownFileType = folder.assetcatalog; path = Images.xcassets; sourceTree = "<group>"; };
		701C3D41181EBCBA007FFDF1 /* CroatianEventCalendarTests.xctest */ = {isa = PBXFileReference; explicitFileType = wrapper.cfbundle; includeInIndex = 0; path = CroatianEventCalendarTests.xctest; sourceTree = BUILT_PRODUCTS_DIR; };
		701C3D42181EBCBA007FFDF1 /* XCTest.framework */ = {isa = PBXFileReference; lastKnownFileType = wrapper.framework; name = XCTest.framework; path = Library/Frameworks/XCTest.framework; sourceTree = DEVELOPER_DIR; };
		701C3D4B181EBCBB007FFDF1 /* CroatianEventCalendarTests-Info.plist */ = {isa = PBXFileReference; lastKnownFileType = text.plist.xml; path = "CroatianEventCalendarTests-Info.plist"; sourceTree = "<group>"; };
		701C3D4D181EBCBB007FFDF1 /* en */ = {isa = PBXFileReference; lastKnownFileType = text.plist.strings; name = en; path = en.lproj/InfoPlist.strings; sourceTree = "<group>"; };
		701C3D4F181EBCBB007FFDF1 /* CroatianEventCalendarTests.m */ = {isa = PBXFileReference; lastKnownFileType = sourcecode.c.objc; path = CroatianEventCalendarTests.m; sourceTree = "<group>"; };
		701C3D5A181EBD3E007FFDF1 /* AppIcon29x29.png */ = {isa = PBXFileReference; lastKnownFileType = image.png; path = AppIcon29x29.png; sourceTree = "<group>"; };
		701C3D5B181EBD3E007FFDF1 /* AppIcon29x29@2x.png */ = {isa = PBXFileReference; lastKnownFileType = image.png; path = "AppIcon29x29@2x.png"; sourceTree = "<group>"; };
		701C3D5C181EBD3E007FFDF1 /* AppIcon40x40.png */ = {isa = PBXFileReference; lastKnownFileType = image.png; path = AppIcon40x40.png; sourceTree = "<group>"; };
		701C3D5D181EBD3E007FFDF1 /* AppIcon40x40@2x.png */ = {isa = PBXFileReference; lastKnownFileType = image.png; path = "AppIcon40x40@2x.png"; sourceTree = "<group>"; };
		701C3D5E181EBD3E007FFDF1 /* AppIcon60x60.png */ = {isa = PBXFileReference; lastKnownFileType = image.png; path = AppIcon60x60.png; sourceTree = "<group>"; };
		701C3D5F181EBD3E007FFDF1 /* AppIcon60x60@2x.png */ = {isa = PBXFileReference; lastKnownFileType = image.png; path = "AppIcon60x60@2x.png"; sourceTree = "<group>"; };
		701C3D60181EBD3E007FFDF1 /* AppIcon76x76.png */ = {isa = PBXFileReference; lastKnownFileType = image.png; path = AppIcon76x76.png; sourceTree = "<group>"; };
		701C3D61181EBD3E007FFDF1 /* AppIcon76x76@2x.png */ = {isa = PBXFileReference; lastKnownFileType = image.png; path = "AppIcon76x76@2x.png"; sourceTree = "<group>"; };
		701C3D62181EBD3E007FFDF1 /* iTunesArtwork.png */ = {isa = PBXFileReference; lastKnownFileType = image.png; path = iTunesArtwork.png; sourceTree = "<group>"; };
		701C3D63181EBD3E007FFDF1 /* iTunesArtwork@2x.png */ = {isa = PBXFileReference; lastKnownFileType = image.png; path = "iTunesArtwork@2x.png"; sourceTree = "<group>"; };
		701C3D72181EBF21007FFDF1 /* ParseOperation.h */ = {isa = PBXFileReference; fileEncoding = 4; lastKnownFileType = sourcecode.c.h; path = ParseOperation.h; sourceTree = "<group>"; };
		701C3D73181EBF21007FFDF1 /* ParseOperation.m */ = {isa = PBXFileReference; fileEncoding = 4; lastKnownFileType = sourcecode.c.objc; path = ParseOperation.m; sourceTree = "<group>"; };
		701C3D75181EC513007FFDF1 /* InsertEvents.h */ = {isa = PBXFileReference; fileEncoding = 4; lastKnownFileType = sourcecode.c.h; path = InsertEvents.h; sourceTree = "<group>"; };
		701C3D76181EC513007FFDF1 /* InsertEvents.m */ = {isa = PBXFileReference; fileEncoding = 4; lastKnownFileType = sourcecode.c.objc; path = InsertEvents.m; sourceTree = "<group>"; };
		701C3D78181EE0A4007FFDF1 /* Event.h */ = {isa = PBXFileReference; fileEncoding = 4; lastKnownFileType = sourcecode.c.h; path = Event.h; sourceTree = "<group>"; };
		701C3D79181EE0A4007FFDF1 /* Event.m */ = {isa = PBXFileReference; fileEncoding = 4; lastKnownFileType = sourcecode.c.objc; path = Event.m; sourceTree = "<group>"; };
		708BDB6018E9E63600077A0A /* UIAlertView+Commodity.h */ = {isa = PBXFileReference; fileEncoding = 4; lastKnownFileType = sourcecode.c.h; path = "UIAlertView+Commodity.h"; sourceTree = "<group>"; };
		708BDB6118E9E63600077A0A /* UIAlertView+Commodity.m */ = {isa = PBXFileReference; fileEncoding = 4; lastKnownFileType = sourcecode.c.objc; path = "UIAlertView+Commodity.m"; sourceTree = "<group>"; };
		70DE19DD18E7833000885F07 /* WebViewController.h */ = {isa = PBXFileReference; fileEncoding = 4; lastKnownFileType = sourcecode.c.h; path = WebViewController.h; sourceTree = "<group>"; };
		70DE19DE18E7833000885F07 /* WebViewController.m */ = {isa = PBXFileReference; fileEncoding = 4; lastKnownFileType = sourcecode.c.objc; path = WebViewController.m; sourceTree = "<group>"; };
		9D9E8F0AB15842239F7E262D /* Pods.xcconfig */ = {isa = PBXFileReference; includeInIndex = 1; lastKnownFileType = text.xcconfig; name = Pods.xcconfig; path = Pods/Pods.xcconfig; sourceTree = "<group>"; };
		E2DD2203D60C4AD9891F1A2E /* libPods.a */ = {isa = PBXFileReference; explicitFileType = archive.ar; includeInIndex = 0; path = libPods.a; sourceTree = BUILT_PRODUCTS_DIR; };
/* End PBXFileReference section */

/* Begin PBXFrameworksBuildPhase section */
		701C3D12181EBCBA007FFDF1 /* Frameworks */ = {
			isa = PBXFrameworksBuildPhase;
			buildActionMask = 2147483647;
			files = (
				701C3D1B181EBCBA007FFDF1 /* CoreGraphics.framework in Frameworks */,
				701C3D1F181EBCBA007FFDF1 /* CoreData.framework in Frameworks */,
				701C3D1D181EBCBA007FFDF1 /* UIKit.framework in Frameworks */,
				701C3D19181EBCBA007FFDF1 /* Foundation.framework in Frameworks */,
				AEDD208D83094A298D8F796F /* libPods.a in Frameworks */,
			);
			runOnlyForDeploymentPostprocessing = 0;
		};
		701C3D3E181EBCBA007FFDF1 /* Frameworks */ = {
			isa = PBXFrameworksBuildPhase;
			buildActionMask = 2147483647;
			files = (
				701C3D43181EBCBA007FFDF1 /* XCTest.framework in Frameworks */,
				701C3D46181EBCBA007FFDF1 /* CoreData.framework in Frameworks */,
				701C3D45181EBCBA007FFDF1 /* UIKit.framework in Frameworks */,
				701C3D44181EBCBA007FFDF1 /* Foundation.framework in Frameworks */,
			);
			runOnlyForDeploymentPostprocessing = 0;
		};
/* End PBXFrameworksBuildPhase section */

/* Begin PBXGroup section */
		701C3D0C181EBCBA007FFDF1 = {
			isa = PBXGroup;
			children = (
				701C3D20181EBCBA007FFDF1 /* CroatianEventCalendar */,
				701C3D49181EBCBA007FFDF1 /* CroatianEventCalendarTests */,
				701C3D17181EBCBA007FFDF1 /* Frameworks */,
				701C3D16181EBCBA007FFDF1 /* Products */,
				9D9E8F0AB15842239F7E262D /* Pods.xcconfig */,
			);
			sourceTree = "<group>";
		};
		701C3D16181EBCBA007FFDF1 /* Products */ = {
			isa = PBXGroup;
			children = (
				701C3D15181EBCBA007FFDF1 /* CroatianEventCalendar.app */,
				701C3D41181EBCBA007FFDF1 /* CroatianEventCalendarTests.xctest */,
			);
			name = Products;
			sourceTree = "<group>";
		};
		701C3D17181EBCBA007FFDF1 /* Frameworks */ = {
			isa = PBXGroup;
			children = (
				701C3D18181EBCBA007FFDF1 /* Foundation.framework */,
				701C3D1A181EBCBA007FFDF1 /* CoreGraphics.framework */,
				701C3D1C181EBCBA007FFDF1 /* UIKit.framework */,
				701C3D1E181EBCBA007FFDF1 /* CoreData.framework */,
				701C3D42181EBCBA007FFDF1 /* XCTest.framework */,
				E2DD2203D60C4AD9891F1A2E /* libPods.a */,
			);
			name = Frameworks;
			sourceTree = "<group>";
		};
		701C3D20181EBCBA007FFDF1 /* CroatianEventCalendar */ = {
			isa = PBXGroup;
			children = (
				708BDB6418E9E67A00077A0A /* Classes */,
				701C3D29181EBCBA007FFDF1 /* AppDelegate.h */,
				701C3D2A181EBCBA007FFDF1 /* AppDelegate.m */,
				701C3D72181EBF21007FFDF1 /* ParseOperation.h */,
				701C3D73181EBF21007FFDF1 /* ParseOperation.m */,
				701C3D75181EC513007FFDF1 /* InsertEvents.h */,
				701C3D76181EC513007FFDF1 /* InsertEvents.m */,
				701C3D7B181EE4A4007FFDF1 /* Model */,
				701C3D7C181EE4E4007FFDF1 /* View */,
				701C3D7D181EE509007FFDF1 /* Controller */,
				701C3D3B181EBCBA007FFDF1 /* Images.xcassets */,
				701C3D32181EBCBA007FFDF1 /* CroatianEventCalendar.xcdatamodeld */,
				701C3D21181EBCBA007FFDF1 /* Supporting Files */,
				701C3D6E181EBE83007FFDF1 /* Resources */,
			);
			path = CroatianEventCalendar;
			sourceTree = "<group>";
		};
		701C3D21181EBCBA007FFDF1 /* Supporting Files */ = {
			isa = PBXGroup;
			children = (
				701C3D22181EBCBA007FFDF1 /* CroatianEventCalendar-Info.plist */,
				701C3D23181EBCBA007FFDF1 /* InfoPlist.strings */,
				701C3D26181EBCBA007FFDF1 /* main.m */,
				701C3D28181EBCBA007FFDF1 /* CroatianEventCalendar-Prefix.pch */,
			);
			name = "Supporting Files";
			sourceTree = "<group>";
		};
		701C3D49181EBCBA007FFDF1 /* CroatianEventCalendarTests */ = {
			isa = PBXGroup;
			children = (
				701C3D4F181EBCBB007FFDF1 /* CroatianEventCalendarTests.m */,
				701C3D4A181EBCBB007FFDF1 /* Supporting Files */,
			);
			path = CroatianEventCalendarTests;
			sourceTree = "<group>";
		};
		701C3D4A181EBCBB007FFDF1 /* Supporting Files */ = {
			isa = PBXGroup;
			children = (
				701C3D4B181EBCBB007FFDF1 /* CroatianEventCalendarTests-Info.plist */,
				701C3D4C181EBCBB007FFDF1 /* InfoPlist.strings */,
			);
			name = "Supporting Files";
			sourceTree = "<group>";
		};
		701C3D59181EBD3E007FFDF1 /* App Icon [Squared] */ = {
			isa = PBXGroup;
			children = (
				701C3D5A181EBD3E007FFDF1 /* AppIcon29x29.png */,
				701C3D5B181EBD3E007FFDF1 /* AppIcon29x29@2x.png */,
				701C3D5C181EBD3E007FFDF1 /* AppIcon40x40.png */,
				701C3D5D181EBD3E007FFDF1 /* AppIcon40x40@2x.png */,
				701C3D5E181EBD3E007FFDF1 /* AppIcon60x60.png */,
				701C3D5F181EBD3E007FFDF1 /* AppIcon60x60@2x.png */,
				701C3D60181EBD3E007FFDF1 /* AppIcon76x76.png */,
				701C3D61181EBD3E007FFDF1 /* AppIcon76x76@2x.png */,
				701C3D62181EBD3E007FFDF1 /* iTunesArtwork.png */,
				701C3D63181EBD3E007FFDF1 /* iTunesArtwork@2x.png */,
			);
			path = "App Icon [Squared]";
			sourceTree = "<group>";
		};
		701C3D6E181EBE83007FFDF1 /* Resources */ = {
			isa = PBXGroup;
			children = (
				701C3D59181EBD3E007FFDF1 /* App Icon [Squared] */,
			);
			name = Resources;
			path = ..;
			sourceTree = "<group>";
		};
		701C3D7B181EE4A4007FFDF1 /* Model */ = {
			isa = PBXGroup;
			children = (
				701C3D78181EE0A4007FFDF1 /* Event.h */,
				701C3D79181EE0A4007FFDF1 /* Event.m */,
			);
			name = Model;
			sourceTree = "<group>";
		};
		701C3D7C181EE4E4007FFDF1 /* View */ = {
			isa = PBXGroup;
			children = (
				701C3D2C181EBCBA007FFDF1 /* Main_iPhone.storyboard */,
				701C3D2F181EBCBA007FFDF1 /* Main_iPad.storyboard */,
			);
			name = View;
			sourceTree = "<group>";
		};
		701C3D7D181EE509007FFDF1 /* Controller */ = {
			isa = PBXGroup;
			children = (
				701C3D35181EBCBA007FFDF1 /* MasterViewController.h */,
				701C3D36181EBCBA007FFDF1 /* MasterViewController.m */,
				701C3D38181EBCBA007FFDF1 /* DetailViewController.h */,
				701C3D39181EBCBA007FFDF1 /* DetailViewController.m */,
				70DE19DD18E7833000885F07 /* WebViewController.h */,
				70DE19DE18E7833000885F07 /* WebViewController.m */,
			);
			name = Controller;
			sourceTree = "<group>";
		};
		708BDB6318E9E65300077A0A /* UIAlertView+Commodity */ = {
			isa = PBXGroup;
			children = (
				708BDB6018E9E63600077A0A /* UIAlertView+Commodity.h */,
				708BDB6118E9E63600077A0A /* UIAlertView+Commodity.m */,
			);
			name = "UIAlertView+Commodity";
			sourceTree = "<group>";
		};
		708BDB6418E9E67A00077A0A /* Classes */ = {
			isa = PBXGroup;
			children = (
				708BDB6318E9E65300077A0A /* UIAlertView+Commodity */,
			);
			name = Classes;
			sourceTree = "<group>";
		};
/* End PBXGroup section */

/* Begin PBXNativeTarget section */
		701C3D14181EBCBA007FFDF1 /* CroatianEventCalendar */ = {
			isa = PBXNativeTarget;
			buildConfigurationList = 701C3D53181EBCBB007FFDF1 /* Build configuration list for PBXNativeTarget "CroatianEventCalendar" */;
			buildPhases = (
				23D1308FA44C40889280F075 /* Check Pods Manifest.lock */,
				701C3D11181EBCBA007FFDF1 /* Sources */,
				701C3D12181EBCBA007FFDF1 /* Frameworks */,
				701C3D13181EBCBA007FFDF1 /* Resources */,
				8BD933EEDA164C29B99A8F7A /* Copy Pods Resources */,
			);
			buildRules = (
			);
			dependencies = (
			);
			name = CroatianEventCalendar;
			productName = CroatianEventCalendar;
			productReference = 701C3D15181EBCBA007FFDF1 /* CroatianEventCalendar.app */;
			productType = "com.apple.product-type.application";
		};
		701C3D40181EBCBA007FFDF1 /* CroatianEventCalendarTests */ = {
			isa = PBXNativeTarget;
			buildConfigurationList = 701C3D56181EBCBB007FFDF1 /* Build configuration list for PBXNativeTarget "CroatianEventCalendarTests" */;
			buildPhases = (
				701C3D3D181EBCBA007FFDF1 /* Sources */,
				701C3D3E181EBCBA007FFDF1 /* Frameworks */,
				701C3D3F181EBCBA007FFDF1 /* Resources */,
			);
			buildRules = (
			);
			dependencies = (
				701C3D48181EBCBA007FFDF1 /* PBXTargetDependency */,
			);
			name = CroatianEventCalendarTests;
			productName = CroatianEventCalendarTests;
			productReference = 701C3D41181EBCBA007FFDF1 /* CroatianEventCalendarTests.xctest */;
			productType = "com.apple.product-type.bundle.unit-test";
		};
/* End PBXNativeTarget section */

/* Begin PBXProject section */
		701C3D0D181EBCBA007FFDF1 /* Project object */ = {
			isa = PBXProject;
			attributes = {
				LastUpgradeCheck = 0510;
				ORGANIZATIONNAME = "Lori Hill";
				TargetAttributes = {
					701C3D40181EBCBA007FFDF1 = {
						TestTargetID = 701C3D14181EBCBA007FFDF1;
					};
				};
			};
			buildConfigurationList = 701C3D10181EBCBA007FFDF1 /* Build configuration list for PBXProject "CroatianEventCalendar" */;
			compatibilityVersion = "Xcode 3.2";
			developmentRegion = English;
			hasScannedForEncodings = 0;
			knownRegions = (
				en,
				Base,
			);
			mainGroup = 701C3D0C181EBCBA007FFDF1;
			productRefGroup = 701C3D16181EBCBA007FFDF1 /* Products */;
			projectDirPath = "";
			projectRoot = "";
			targets = (
				701C3D14181EBCBA007FFDF1 /* CroatianEventCalendar */,
				701C3D40181EBCBA007FFDF1 /* CroatianEventCalendarTests */,
			);
		};
/* End PBXProject section */

/* Begin PBXResourcesBuildPhase section */
		701C3D13181EBCBA007FFDF1 /* Resources */ = {
			isa = PBXResourcesBuildPhase;
			buildActionMask = 2147483647;
			files = (
				701C3D69181EBD3E007FFDF1 /* AppIcon60x60@2x.png in Resources */,
				701C3D31181EBCBA007FFDF1 /* Main_iPad.storyboard in Resources */,
				701C3D3C181EBCBA007FFDF1 /* Images.xcassets in Resources */,
				701C3D67181EBD3E007FFDF1 /* AppIcon40x40@2x.png in Resources */,
				701C3D64181EBD3E007FFDF1 /* AppIcon29x29.png in Resources */,
				701C3D6A181EBD3E007FFDF1 /* AppIcon76x76.png in Resources */,
				701C3D68181EBD3E007FFDF1 /* AppIcon60x60.png in Resources */,
				701C3D6C181EBD3E007FFDF1 /* iTunesArtwork.png in Resources */,
				701C3D2E181EBCBA007FFDF1 /* Main_iPhone.storyboard in Resources */,
				701C3D6D181EBD3E007FFDF1 /* iTunesArtwork@2x.png in Resources */,
				701C3D6B181EBD3E007FFDF1 /* AppIcon76x76@2x.png in Resources */,
				701C3D65181EBD3E007FFDF1 /* AppIcon29x29@2x.png in Resources */,
				701C3D25181EBCBA007FFDF1 /* InfoPlist.strings in Resources */,
				701C3D66181EBD3E007FFDF1 /* AppIcon40x40.png in Resources */,
			);
			runOnlyForDeploymentPostprocessing = 0;
		};
		701C3D3F181EBCBA007FFDF1 /* Resources */ = {
			isa = PBXResourcesBuildPhase;
			buildActionMask = 2147483647;
			files = (
				701C3D4E181EBCBB007FFDF1 /* InfoPlist.strings in Resources */,
			);
			runOnlyForDeploymentPostprocessing = 0;
		};
/* End PBXResourcesBuildPhase section */

/* Begin PBXShellScriptBuildPhase section */
		23D1308FA44C40889280F075 /* Check Pods Manifest.lock */ = {
			isa = PBXShellScriptBuildPhase;
			buildActionMask = 2147483647;
			files = (
			);
			inputPaths = (
			);
			name = "Check Pods Manifest.lock";
			outputPaths = (
			);
			runOnlyForDeploymentPostprocessing = 0;
			shellPath = /bin/sh;
			shellScript = "diff \"${PODS_ROOT}/../Podfile.lock\" \"${PODS_ROOT}/Manifest.lock\" > /dev/null\nif [[ $? != 0 ]] ; then\n    cat << EOM\nerror: The sandbox is not in sync with the Podfile.lock. Run 'pod install' or update your CocoaPods installation.\nEOM\n    exit 1\nfi\n";
			showEnvVarsInLog = 0;
		};
		8BD933EEDA164C29B99A8F7A /* Copy Pods Resources */ = {
			isa = PBXShellScriptBuildPhase;
			buildActionMask = 2147483647;
			files = (
			);
			inputPaths = (
			);
			name = "Copy Pods Resources";
			outputPaths = (
			);
			runOnlyForDeploymentPostprocessing = 0;
			shellPath = /bin/sh;
			shellScript = "\"${SRCROOT}/Pods/Pods-resources.sh\"\n";
			showEnvVarsInLog = 0;
		};
/* End PBXShellScriptBuildPhase section */

/* Begin PBXSourcesBuildPhase section */
		701C3D11181EBCBA007FFDF1 /* Sources */ = {
			isa = PBXSourcesBuildPhase;
			buildActionMask = 2147483647;
			files = (
				701C3D3A181EBCBA007FFDF1 /* DetailViewController.m in Sources */,
				70DE19DF18E7833100885F07 /* WebViewController.m in Sources */,
				701C3D37181EBCBA007FFDF1 /* MasterViewController.m in Sources */,
				701C3D7A181EE0A4007FFDF1 /* Event.m in Sources */,
				701C3D77181EC513007FFDF1 /* InsertEvents.m in Sources */,
				708BDB6218E9E63600077A0A /* UIAlertView+Commodity.m in Sources */,
				701C3D34181EBCBA007FFDF1 /* CroatianEventCalendar.xcdatamodeld in Sources */,
				701C3D74181EBF21007FFDF1 /* ParseOperation.m in Sources */,
				701C3D2B181EBCBA007FFDF1 /* AppDelegate.m in Sources */,
				701C3D27181EBCBA007FFDF1 /* main.m in Sources */,
			);
			runOnlyForDeploymentPostprocessing = 0;
		};
		701C3D3D181EBCBA007FFDF1 /* Sources */ = {
			isa = PBXSourcesBuildPhase;
			buildActionMask = 2147483647;
			files = (
				701C3D50181EBCBB007FFDF1 /* CroatianEventCalendarTests.m in Sources */,
			);
			runOnlyForDeploymentPostprocessing = 0;
		};
/* End PBXSourcesBuildPhase section */

/* Begin PBXTargetDependency section */
		701C3D48181EBCBA007FFDF1 /* PBXTargetDependency */ = {
			isa = PBXTargetDependency;
			target = 701C3D14181EBCBA007FFDF1 /* CroatianEventCalendar */;
			targetProxy = 701C3D47181EBCBA007FFDF1 /* PBXContainerItemProxy */;
		};
/* End PBXTargetDependency section */

/* Begin PBXVariantGroup section */
		701C3D23181EBCBA007FFDF1 /* InfoPlist.strings */ = {
			isa = PBXVariantGroup;
			children = (
				701C3D24181EBCBA007FFDF1 /* en */,
			);
			name = InfoPlist.strings;
			sourceTree = "<group>";
		};
		701C3D2C181EBCBA007FFDF1 /* Main_iPhone.storyboard */ = {
			isa = PBXVariantGroup;
			children = (
				701C3D2D181EBCBA007FFDF1 /* Base */,
			);
			name = Main_iPhone.storyboard;
			sourceTree = "<group>";
		};
		701C3D2F181EBCBA007FFDF1 /* Main_iPad.storyboard */ = {
			isa = PBXVariantGroup;
			children = (
				701C3D30181EBCBA007FFDF1 /* Base */,
			);
			name = Main_iPad.storyboard;
			sourceTree = "<group>";
		};
		701C3D4C181EBCBB007FFDF1 /* InfoPlist.strings */ = {
			isa = PBXVariantGroup;
			children = (
				701C3D4D181EBCBB007FFDF1 /* en */,
			);
			name = InfoPlist.strings;
			sourceTree = "<group>";
		};
/* End PBXVariantGroup section */

/* Begin XCBuildConfiguration section */
		701C3D51181EBCBB007FFDF1 /* Debug */ = {
			isa = XCBuildConfiguration;
			buildSettings = {
				ALWAYS_SEARCH_USER_PATHS = NO;
				CLANG_CXX_LANGUAGE_STANDARD = "gnu++0x";
				CLANG_CXX_LIBRARY = "libc++";
				CLANG_ENABLE_MODULES = YES;
				CLANG_ENABLE_OBJC_ARC = YES;
				CLANG_WARN_BOOL_CONVERSION = YES;
				CLANG_WARN_CONSTANT_CONVERSION = YES;
				CLANG_WARN_DIRECT_OBJC_ISA_USAGE = YES_ERROR;
				CLANG_WARN_EMPTY_BODY = YES;
				CLANG_WARN_ENUM_CONVERSION = YES;
				CLANG_WARN_INT_CONVERSION = YES;
				CLANG_WARN_OBJC_ROOT_CLASS = YES_ERROR;
				CLANG_WARN__DUPLICATE_METHOD_MATCH = YES;
				"CODE_SIGN_IDENTITY[sdk=iphoneos*]" = "iPhone Developer";
				COPY_PHASE_STRIP = NO;
				GCC_C_LANGUAGE_STANDARD = gnu99;
				GCC_DYNAMIC_NO_PIC = NO;
				GCC_OPTIMIZATION_LEVEL = 0;
				GCC_PREPROCESSOR_DEFINITIONS = (
					"DEBUG=1",
					"$(inherited)",
				);
				GCC_SYMBOLS_PRIVATE_EXTERN = NO;
				GCC_WARN_64_TO_32_BIT_CONVERSION = YES;
				GCC_WARN_ABOUT_RETURN_TYPE = YES_ERROR;
				GCC_WARN_UNDECLARED_SELECTOR = YES;
				GCC_WARN_UNINITIALIZED_AUTOS = YES;
				GCC_WARN_UNUSED_FUNCTION = YES;
				GCC_WARN_UNUSED_VARIABLE = YES;
				IPHONEOS_DEPLOYMENT_TARGET = 7.0;
				ONLY_ACTIVE_ARCH = YES;
				SDKROOT = iphoneos;
				TARGETED_DEVICE_FAMILY = "1,2";
			};
			name = Debug;
		};
		701C3D52181EBCBB007FFDF1 /* Release */ = {
			isa = XCBuildConfiguration;
			buildSettings = {
				ALWAYS_SEARCH_USER_PATHS = NO;
				CLANG_CXX_LANGUAGE_STANDARD = "gnu++0x";
				CLANG_CXX_LIBRARY = "libc++";
				CLANG_ENABLE_MODULES = YES;
				CLANG_ENABLE_OBJC_ARC = YES;
				CLANG_WARN_BOOL_CONVERSION = YES;
				CLANG_WARN_CONSTANT_CONVERSION = YES;
				CLANG_WARN_DIRECT_OBJC_ISA_USAGE = YES_ERROR;
				CLANG_WARN_EMPTY_BODY = YES;
				CLANG_WARN_ENUM_CONVERSION = YES;
				CLANG_WARN_INT_CONVERSION = YES;
				CLANG_WARN_OBJC_ROOT_CLASS = YES_ERROR;
				CLANG_WARN__DUPLICATE_METHOD_MATCH = YES;
				"CODE_SIGN_IDENTITY[sdk=iphoneos*]" = "iPhone Developer";
				COPY_PHASE_STRIP = YES;
				ENABLE_NS_ASSERTIONS = NO;
				GCC_C_LANGUAGE_STANDARD = gnu99;
				GCC_WARN_64_TO_32_BIT_CONVERSION = YES;
				GCC_WARN_ABOUT_RETURN_TYPE = YES_ERROR;
				GCC_WARN_UNDECLARED_SELECTOR = YES;
				GCC_WARN_UNINITIALIZED_AUTOS = YES;
				GCC_WARN_UNUSED_FUNCTION = YES;
				GCC_WARN_UNUSED_VARIABLE = YES;
				IPHONEOS_DEPLOYMENT_TARGET = 7.0;
				SDKROOT = iphoneos;
				TARGETED_DEVICE_FAMILY = "1,2";
				VALIDATE_PRODUCT = YES;
			};
			name = Release;
		};
		701C3D54181EBCBB007FFDF1 /* Debug */ = {
			isa = XCBuildConfiguration;
			baseConfigurationReference = 9D9E8F0AB15842239F7E262D /* Pods.xcconfig */;
			buildSettings = {
				ASSETCATALOG_COMPILER_APPICON_NAME = AppIcon;
				ASSETCATALOG_COMPILER_LAUNCHIMAGE_NAME = LaunchImage;
				GCC_PRECOMPILE_PREFIX_HEADER = YES;
				GCC_PREFIX_HEADER = "CroatianEventCalendar/CroatianEventCalendar-Prefix.pch";
				INFOPLIST_FILE = "CroatianEventCalendar/CroatianEventCalendar-Info.plist";
				IPHONEOS_DEPLOYMENT_TARGET = 7.0;
				PRODUCT_NAME = "$(TARGET_NAME)";
				WRAPPER_EXTENSION = app;
			};
			name = Debug;
		};
		701C3D55181EBCBB007FFDF1 /* Release */ = {
			isa = XCBuildConfiguration;
			baseConfigurationReference = 9D9E8F0AB15842239F7E262D /* Pods.xcconfig */;
			buildSettings = {
				ASSETCATALOG_COMPILER_APPICON_NAME = AppIcon;
				ASSETCATALOG_COMPILER_LAUNCHIMAGE_NAME = LaunchImage;
				GCC_PRECOMPILE_PREFIX_HEADER = YES;
				GCC_PREFIX_HEADER = "CroatianEventCalendar/CroatianEventCalendar-Prefix.pch";
				INFOPLIST_FILE = "CroatianEventCalendar/CroatianEventCalendar-Info.plist";
				IPHONEOS_DEPLOYMENT_TARGET = 7.0;
				PRODUCT_NAME = "$(TARGET_NAME)";
				WRAPPER_EXTENSION = app;
			};
			name = Release;
		};
		701C3D57181EBCBB007FFDF1 /* Debug */ = {
			isa = XCBuildConfiguration;
			buildSettings = {
				BUNDLE_LOADER = "$(BUILT_PRODUCTS_DIR)/CroatianEventCalendar.app/CroatianEventCalendar";
				FRAMEWORK_SEARCH_PATHS = (
					"$(SDKROOT)/Developer/Library/Frameworks",
					"$(inherited)",
					"$(DEVELOPER_FRAMEWORKS_DIR)",
				);
				GCC_PRECOMPILE_PREFIX_HEADER = YES;
				GCC_PREFIX_HEADER = "CroatianEventCalendar/CroatianEventCalendar-Prefix.pch";
				GCC_PREPROCESSOR_DEFINITIONS = (
					"DEBUG=1",
					"$(inherited)",
				);
				INFOPLIST_FILE = "CroatianEventCalendarTests/CroatianEventCalendarTests-Info.plist";
				PRODUCT_NAME = "$(TARGET_NAME)";
				TEST_HOST = "$(BUNDLE_LOADER)";
				WRAPPER_EXTENSION = xctest;
			};
			name = Debug;
		};
		701C3D58181EBCBB007FFDF1 /* Release */ = {
			isa = XCBuildConfiguration;
			buildSettings = {
				BUNDLE_LOADER = "$(BUILT_PRODUCTS_DIR)/CroatianEventCalendar.app/CroatianEventCalendar";
				FRAMEWORK_SEARCH_PATHS = (
					"$(SDKROOT)/Developer/Library/Frameworks",
					"$(inherited)",
					"$(DEVELOPER_FRAMEWORKS_DIR)",
				);
				GCC_PRECOMPILE_PREFIX_HEADER = YES;
				GCC_PREFIX_HEADER = "CroatianEventCalendar/CroatianEventCalendar-Prefix.pch";
				INFOPLIST_FILE = "CroatianEventCalendarTests/CroatianEventCalendarTests-Info.plist";
				PRODUCT_NAME = "$(TARGET_NAME)";
				TEST_HOST = "$(BUNDLE_LOADER)";
				WRAPPER_EXTENSION = xctest;
			};
			name = Release;
		};
/* End XCBuildConfiguration section */

/* Begin XCConfigurationList section */
		701C3D10181EBCBA007FFDF1 /* Build configuration list for PBXProject "CroatianEventCalendar" */ = {
			isa = XCConfigurationList;
			buildConfigurations = (
				701C3D51181EBCBB007FFDF1 /* Debug */,
				701C3D52181EBCBB007FFDF1 /* Release */,
			);
			defaultConfigurationIsVisible = 0;
			defaultConfigurationName = Release;
		};
		701C3D53181EBCBB007FFDF1 /* Build configuration list for PBXNativeTarget "CroatianEventCalendar" */ = {
			isa = XCConfigurationList;
			buildConfigurations = (
				701C3D54181EBCBB007FFDF1 /* Debug */,
				701C3D55181EBCBB007FFDF1 /* Release */,
			);
			defaultConfigurationIsVisible = 0;
			defaultConfigurationName = Release;
		};
		701C3D56181EBCBB007FFDF1 /* Build configuration list for PBXNativeTarget "CroatianEventCalendarTests" */ = {
			isa = XCConfigurationList;
			buildConfigurations = (
				701C3D57181EBCBB007FFDF1 /* Debug */,
				701C3D58181EBCBB007FFDF1 /* Release */,
			);
			defaultConfigurationIsVisible = 0;
			defaultConfigurationName = Release;
		};
/* End XCConfigurationList section */

/* Begin XCVersionGroup section */
		701C3D32181EBCBA007FFDF1 /* CroatianEventCalendar.xcdatamodeld */ = {
			isa = XCVersionGroup;
			children = (
				701C3D33181EBCBA007FFDF1 /* CroatianEventCalendar.xcdatamodel */,
			);
			currentVersion = 701C3D33181EBCBA007FFDF1 /* CroatianEventCalendar.xcdatamodel */;
			path = CroatianEventCalendar.xcdatamodeld;
			sourceTree = "<group>";
			versionGroupType = wrapper.xcdatamodel;
		};
/* End XCVersionGroup section */
	};
	rootObject = 701C3D0D181EBCBA007FFDF1 /* Project object */;
}
