PODS:
  - MBProgressHUD (1.0.0)
  - OHAttributedLabel (3.5.5)
  - Reachability (3.2)

DEPENDENCIES:
  - MBProgressHUD
  - OHAttributedLabel
  - Reachability

SPEC CHECKSUMS:
  MBProgressHUD: 4890f671c94e8a0f3cf959aa731e9de2f036d71a
  OHAttributedLabel: 9b2eb99323dee6b3a81ef3bc8e98b084117bca2d
  Reachability: 33e18b67625424e47b6cde6d202dce689ad7af96

COCOAPODS: 0.39.0
